
Microsoft Visual Studio Solution File, Format Version 12.00
# Visual Studio 2015
Project("{FAE04EC0-301F-11D3-BF4B-00C04F79EFBC}") = "HuugeJam.CSharp", "HuugeJam.CSharp.csproj", "{1AF8F444-3719-94DD-B6C8-CC69BFA05D23}"
EndProject
Project("{FAE04EC0-301F-11D3-BF4B-00C04F79EFBC}") = "HuugeJam.CSharp.Editor", "HuugeJam.CSharp.Editor.csproj", "{665C7BB8-8E81-9AA8-2BE8-6BBD085BDEDC}"
EndProject
Global
	GlobalSection(SolutionConfigurationPlatforms) = preSolution
		Debug|Any CPU = Debug|Any CPU
		Release|Any CPU = Release|Any CPU
	EndGlobalSection
	GlobalSection(ProjectConfigurationPlatforms) = postSolution
		{1AF8F444-3719-94DD-B6C8-CC69BFA05D23}.Debug|Any CPU.ActiveCfg = Debug|Any CPU
		{1AF8F444-3719-94DD-B6C8-CC69BFA05D23}.Debug|Any CPU.Build.0 = Debug|Any CPU
		{1AF8F444-3719-94DD-B6C8-CC69BFA05D23}.Release|Any CPU.ActiveCfg = Release|Any CPU
		{1AF8F444-3719-94DD-B6C8-CC69BFA05D23}.Release|Any CPU.Build.0 = Release|Any CPU
		{665C7BB8-8E81-9AA8-2BE8-6BBD085BDEDC}.Debug|Any CPU.ActiveCfg = Debug|Any CPU
		{665C7BB8-8E81-9AA8-2BE8-6BBD085BDEDC}.Debug|Any CPU.Build.0 = Debug|Any CPU
		{665C7BB8-8E81-9AA8-2BE8-6BBD085BDEDC}.Release|Any CPU.ActiveCfg = Release|Any CPU
		{665C7BB8-8E81-9AA8-2BE8-6BBD085BDEDC}.Release|Any CPU.Build.0 = Release|Any CPU
	EndGlobalSection
	GlobalSection(SolutionProperties) = preSolution
		HideSolutionNode = FALSE
	EndGlobalSection
EndGlobal
